PODS:
  - Alamofire (3.4.1)
  - Bolts (1.8.4):
    - Bolts/AppLinks (= 1.8.4)
    - Bolts/Tasks (= 1.8.4)
  - Bolts/AppLinks (1.8.4):
    - Bolts/Tasks
  - Bolts/Tasks (1.8.4)
  - FBSDKCoreKit (4.13.1):
    - Bolts (~> 1.7)
  - FBSDKLoginKit (4.13.1):
    - FBSDKCoreKit
  - FBSDKShareKit (4.13.1):
    - FBSDKCoreKit

DEPENDENCIES:
  - Alamofire (from `https://github.com/Alamofire/Alamofire.git`, branch `swift3`)
  - FBSDKCoreKit (= 4.13.1)
  - FBSDKLoginKit (= 4.13.1)
  - FBSDKShareKit (= 4.13.1)

EXTERNAL SOURCES:
  Alamofire:
    :branch: swift3
    :git: https://github.com/Alamofire/Alamofire.git

CHECKOUT OPTIONS:
  Alamofire:
    :commit: fcb4829a78d28e3491c6767cfb74e774871943b0
    :git: https://github.com/Alamofire/Alamofire.git

SPEC CHECKSUMS:
  Alamofire: 01a82e2f6c0f860ade35534c8dd88be61bdef40c
  Bolts: 8a7995239dbe724f9cba2248b766d48b7ebdd322
  FBSDKCoreKit: 2807fe0da2ddb49a1469da6d6ff597f99912980f
  FBSDKLoginKit: 6d350cb6a22d6956e9d078885de6ee8a0ebc51b4
  FBSDKShareKit: c9438df7573b33780ac8c3451201c5ebb260ffca

PODFILE CHECKSUM: 6fa8c579d860a65465012e990a07b0064c978e51

COCOAPODS: 1.0.1
