// !$*UTF8*$!
{
	archiveVersion = 1;
	classes = {
	};
	objectVersion = 46;
	objects = {

/* Begin PBXBuildFile section */
		1F77F1D99DC220FD09B7E01A /* Pods_backend.framework in Frameworks */ = {isa = PBXBuildFile; fileRef = C53E0B0689A3C957DA8B26BA /* Pods_backend.framework */; };
		93B5215D1D36B84F00BFFCAC /* main.swift in Sources */ = {isa = PBXBuildFile; fileRef = 93B5215C1D36B84F00BFFCAC /* main.swift */; };
/* End PBXBuildFile section */

/* Begin PBXCopyFilesBuildPhase section */
		93B521571D36B84F00BFFCAC /* CopyFiles */ = {
			isa = PBXCopyFilesBuildPhase;
			buildActionMask = 2147483647;
			dstPath = /usr/share/man/man1/;
			dstSubfolderSpec = 0;
			files = (
			);
			runOnlyForDeploymentPostprocessing = 1;
		};
/* End PBXCopyFilesBuildPhase section */

/* Begin PBXFileReference section */
		00DF16D35B39602B9D5317FF /* Pods-backend.debug.xcconfig */ = {isa = PBXFileReference; includeInIndex = 1; lastKnownFileType = text.xcconfig; name = "Pods-backend.debug.xcconfig"; path = "../Pods/Target Support Files/Pods-backend/Pods-backend.debug.xcconfig"; sourceTree = "<group>"; };
		93B521591D36B84F00BFFCAC /* backend */ = {isa = PBXFileReference; explicitFileType = "compiled.mach-o.executable"; includeInIndex = 0; path = backend; sourceTree = BUILT_PRODUCTS_DIR; };
		93B5215C1D36B84F00BFFCAC /* main.swift */ = {isa = PBXFileReference; lastKnownFileType = sourcecode.swift; path = main.swift; sourceTree = "<group>"; };
		B920F11B7412AF953E005E67 /* Pods-backend.release.xcconfig */ = {isa = PBXFileReference; includeInIndex = 1; lastKnownFileType = text.xcconfig; name = "Pods-backend.release.xcconfig"; path = "../Pods/Target Support Files/Pods-backend/Pods-backend.release.xcconfig"; sourceTree = "<group>"; };
		C53E0B0689A3C957DA8B26BA /* Pods_backend.framework */ = {isa = PBXFileReference; explicitFileType = wrapper.framework; includeInIndex = 0; path = Pods_backend.framework; sourceTree = BUILT_PRODUCTS_DIR; };
/* End PBXFileReference section */

/* Begin PBXFrameworksBuildPhase section */
		93B521561D36B84F00BFFCAC /* Frameworks */ = {
			isa = PBXFrameworksBuildPhase;
			buildActionMask = 2147483647;
			files = (
				1F77F1D99DC220FD09B7E01A /* Pods_backend.framework in Frameworks */,
			);
			runOnlyForDeploymentPostprocessing = 0;
		};
/* End PBXFrameworksBuildPhase section */

/* Begin PBXGroup section */
		93B521501D36B84F00BFFCAC = {
			isa = PBXGroup;
			children = (
				93B5215B1D36B84F00BFFCAC /* backend */,
				93B5215A1D36B84F00BFFCAC /* Products */,
				E7C1DCD76D06B88299945546 /* Pods */,
				B6F71C719C82CAF492EAD5E5 /* Frameworks */,
			);
			sourceTree = "<group>";
		};
		93B5215A1D36B84F00BFFCAC /* Products */ = {
			isa = PBXGroup;
			children = (
				93B521591D36B84F00BFFCAC /* backend */,
			);
			name = Products;
			sourceTree = "<group>";
		};
		93B5215B1D36B84F00BFFCAC /* backend */ = {
			isa = PBXGroup;
			children = (
				93B5215C1D36B84F00BFFCAC /* main.swift */,
			);
			path = backend;
			sourceTree = "<group>";
		};
		B6F71C719C82CAF492EAD5E5 /* Frameworks */ = {
			isa = PBXGroup;
			children = (
				C53E0B0689A3C957DA8B26BA /* Pods_backend.framework */,
			);
			name = Frameworks;
			sourceTree = "<group>";
		};
		E7C1DCD76D06B88299945546 /* Pods */ = {
			isa = PBXGroup;
			children = (
				00DF16D35B39602B9D5317FF /* Pods-backend.debug.xcconfig */,
				B920F11B7412AF953E005E67 /* Pods-backend.release.xcconfig */,
			);
			name = Pods;
			sourceTree = "<group>";
		};
/* End PBXGroup section */

/* Begin PBXNativeTarget section */
		93B521581D36B84F00BFFCAC /* backend */ = {
			isa = PBXNativeTarget;
			buildConfigurationList = 93B521601D36B84F00BFFCAC /* Build configuration list for PBXNativeTarget "backend" */;
			buildPhases = (
				A5C10136D36BF17862AD0B54 /* [CP] Check Pods Manifest.lock */,
				93B521551D36B84F00BFFCAC /* Sources */,
				93B521561D36B84F00BFFCAC /* Frameworks */,
				93B521571D36B84F00BFFCAC /* CopyFiles */,
				9C36D3E86E7A40C8FED7D6E9 /* [CP] Copy Pods Resources */,
			);
			buildRules = (
			);
			dependencies = (
			);
			name = backend;
			productName = backend;
			productReference = 93B521591D36B84F00BFFCAC /* backend */;
			productType = "com.apple.product-type.tool";
		};
/* End PBXNativeTarget section */

/* Begin PBXProject section */
		93B521511D36B84F00BFFCAC /* Project object */ = {
			isa = PBXProject;
			attributes = {
				LastSwiftUpdateCheck = 0730;
				LastUpgradeCheck = 0730;
				ORGANIZATIONNAME = "TruongSinh Tran-Nguyen";
				TargetAttributes = {
					93B521581D36B84F00BFFCAC = {
						CreatedOnToolsVersion = 7.3.1;
					};
				};
			};
			buildConfigurationList = 93B521541D36B84F00BFFCAC /* Build configuration list for PBXProject "backend" */;
			compatibilityVersion = "Xcode 3.2";
			developmentRegion = English;
			hasScannedForEncodings = 0;
			knownRegions = (
				en,
			);
			mainGroup = 93B521501D36B84F00BFFCAC;
			productRefGroup = 93B5215A1D36B84F00BFFCAC /* Products */;
			projectDirPath = "";
			projectRoot = "";
			targets = (
				93B521581D36B84F00BFFCAC /* backend */,
			);
		};
/* End PBXProject section */

/* Begin PBXShellScriptBuildPhase section */
		9C36D3E86E7A40C8FED7D6E9 /* [CP] Copy Pods Resources */ = {
			isa = PBXShellScriptBuildPhase;
			buildActionMask = 2147483647;
			files = (
			);
			inputPaths = (
			);
			name = "[CP] Copy Pods Resources";
			outputPaths = (
			);
			runOnlyForDeploymentPostprocessing = 0;
			shellPath = /bin/sh;
			shellScript = "\"${SRCROOT}/../Pods/Target Support Files/Pods-backend/Pods-backend-resources.sh\"\n";
			showEnvVarsInLog = 0;
		};
		A5C10136D36BF17862AD0B54 /* [CP] Check Pods Manifest.lock */ = {
			isa = PBXShellScriptBuildPhase;
			buildActionMask = 2147483647;
			files = (
			);
			inputPaths = (
			);
			name = "[CP] Check Pods Manifest.lock";
			outputPaths = (
			);
			runOnlyForDeploymentPostprocessing = 0;
			shellPath = /bin/sh;
			shellScript = "diff \"${PODS_ROOT}/../Podfile.lock\" \"${PODS_ROOT}/Manifest.lock\" > /dev/null\nif [[ $? != 0 ]] ; then\n    cat << EOM\nerror: The sandbox is not in sync with the Podfile.lock. Run 'pod install' or update your CocoaPods installation.\nEOM\n    exit 1\nfi\n";
			showEnvVarsInLog = 0;
		};
/* End PBXShellScriptBuildPhase section */

/* Begin PBXSourcesBuildPhase section */
		93B521551D36B84F00BFFCAC /* Sources */ = {
			isa = PBXSourcesBuildPhase;
			buildActionMask = 2147483647;
			files = (
				93B5215D1D36B84F00BFFCAC /* main.swift in Sources */,
			);
			runOnlyForDeploymentPostprocessing = 0;
		};
/* End PBXSourcesBuildPhase section */

/* Begin XCBuildConfiguration section */
		93B5215E1D36B84F00BFFCAC /* Debug */ = {
			isa = XCBuildConfiguration;
			buildSettings = {
				ALWAYS_SEARCH_USER_PATHS = NO;
				CLANG_ANALYZER_NONNULL = YES;
				CLANG_CXX_LANGUAGE_STANDARD = "gnu++0x";
				CLANG_CXX_LIBRARY = "libc++";
				CLANG_ENABLE_MODULES = YES;
				CLANG_ENABLE_OBJC_ARC = YES;
				CLANG_WARN_BOOL_CONVERSION = YES;
				CLANG_WARN_CONSTANT_CONVERSION = YES;
				CLANG_WARN_DIRECT_OBJC_ISA_USAGE = YES_ERROR;
				CLANG_WARN_EMPTY_BODY = YES;
				CLANG_WARN_ENUM_CONVERSION = YES;
				CLANG_WARN_INT_CONVERSION = YES;
				CLANG_WARN_OBJC_ROOT_CLASS = YES_ERROR;
				CLANG_WARN_UNREACHABLE_CODE = YES;
				CLANG_WARN__DUPLICATE_METHOD_MATCH = YES;
				CODE_SIGN_IDENTITY = "-";
				COPY_PHASE_STRIP = NO;
				DEBUG_INFORMATION_FORMAT = dwarf;
				EMBEDDED_CONTENT_CONTAINS_SWIFT = YES;
				ENABLE_STRICT_OBJC_MSGSEND = YES;
				ENABLE_TESTABILITY = YES;
				GCC_C_LANGUAGE_STANDARD = gnu99;
				GCC_DYNAMIC_NO_PIC = NO;
				GCC_NO_COMMON_BLOCKS = YES;
				GCC_OPTIMIZATION_LEVEL = 0;
				GCC_PREPROCESSOR_DEFINITIONS = (
					"DEBUG=1",
					"$(inherited)",
				);
				GCC_WARN_64_TO_32_BIT_CONVERSION = YES;
				GCC_WARN_ABOUT_RETURN_TYPE = YES_ERROR;
				GCC_WARN_UNDECLARED_SELECTOR = YES;
				GCC_WARN_UNINITIALIZED_AUTOS = YES_AGGRESSIVE;
				GCC_WARN_UNUSED_FUNCTION = YES;
				GCC_WARN_UNUSED_VARIABLE = YES;
				MACOSX_DEPLOYMENT_TARGET = 10.11;
				MTL_ENABLE_DEBUG_INFO = YES;
				ONLY_ACTIVE_ARCH = YES;
				SDKROOT = macosx;
				SWIFT_OPTIMIZATION_LEVEL = "-Onone";
			};
			name = Debug;
		};
		93B5215F1D36B84F00BFFCAC /* Release */ = {
			isa = XCBuildConfiguration;
			buildSettings = {
				ALWAYS_SEARCH_USER_PATHS = NO;
				CLANG_ANALYZER_NONNULL = YES;
				CLANG_CXX_LANGUAGE_STANDARD = "gnu++0x";
				CLANG_CXX_LIBRARY = "libc++";
				CLANG_ENABLE_MODULES = YES;
				CLANG_ENABLE_OBJC_ARC = YES;
				CLANG_WARN_BOOL_CONVERSION = YES;
				CLANG_WARN_CONSTANT_CONVERSION = YES;
				CLANG_WARN_DIRECT_OBJC_ISA_USAGE = YES_ERROR;
				CLANG_WARN_EMPTY_BODY = YES;
				CLANG_WARN_ENUM_CONVERSION = YES;
				CLANG_WARN_INT_CONVERSION = YES;
				CLANG_WARN_OBJC_ROOT_CLASS = YES_ERROR;
				CLANG_WARN_UNREACHABLE_CODE = YES;
				CLANG_WARN__DUPLICATE_METHOD_MATCH = YES;
				CODE_SIGN_IDENTITY = "-";
				COPY_PHASE_STRIP = NO;
				DEBUG_INFORMATION_FORMAT = "dwarf-with-dsym";
				EMBEDDED_CONTENT_CONTAINS_SWIFT = YES;
				ENABLE_NS_ASSERTIONS = NO;
				ENABLE_STRICT_OBJC_MSGSEND = YES;
				GCC_C_LANGUAGE_STANDARD = gnu99;
				GCC_NO_COMMON_BLOCKS = YES;
				GCC_WARN_64_TO_32_BIT_CONVERSION = YES;
				GCC_WARN_ABOUT_RETURN_TYPE = YES_ERROR;
				GCC_WARN_UNDECLARED_SELECTOR = YES;
				GCC_WARN_UNINITIALIZED_AUTOS = YES_AGGRESSIVE;
				GCC_WARN_UNUSED_FUNCTION = YES;
				GCC_WARN_UNUSED_VARIABLE = YES;
				MACOSX_DEPLOYMENT_TARGET = 10.11;
				MTL_ENABLE_DEBUG_INFO = NO;
				SDKROOT = macosx;
			};
			name = Release;
		};
		93B521611D36B84F00BFFCAC /* Debug */ = {
			isa = XCBuildConfiguration;
			baseConfigurationReference = 00DF16D35B39602B9D5317FF /* Pods-backend.debug.xcconfig */;
			buildSettings = {
				PRODUCT_NAME = "$(TARGET_NAME)";
			};
			name = Debug;
		};
		93B521621D36B84F00BFFCAC /* Release */ = {
			isa = XCBuildConfiguration;
			baseConfigurationReference = B920F11B7412AF953E005E67 /* Pods-backend.release.xcconfig */;
			buildSettings = {
				PRODUCT_NAME = "$(TARGET_NAME)";
			};
			name = Release;
		};
/* End XCBuildConfiguration section */

/* Begin XCConfigurationList section */
		93B521541D36B84F00BFFCAC /* Build configuration list for PBXProject "backend" */ = {
			isa = XCConfigurationList;
			buildConfigurations = (
				93B5215E1D36B84F00BFFCAC /* Debug */,
				93B5215F1D36B84F00BFFCAC /* Release */,
			);
			defaultConfigurationIsVisible = 0;
			defaultConfigurationName = Release;
		};
		93B521601D36B84F00BFFCAC /* Build configuration list for PBXNativeTarget "backend" */ = {
			isa = XCConfigurationList;
			buildConfigurations = (
				93B521611D36B84F00BFFCAC /* Debug */,
				93B521621D36B84F00BFFCAC /* Release */,
			);
			defaultConfigurationIsVisible = 0;
			defaultConfigurationName = Release;
		};
/* End XCConfigurationList section */
	};
	rootObject = 93B521511D36B84F00BFFCAC /* Project object */;
}
