hash: 5ed29770dc07b5cdbfad995688e16c553bea2682493da02f543a3195dd97d8f9
updated: 2016-07-15T13:45:24.75518376+03:00
imports:
- name: github.com/ansel1/merry
  version: f05d20134a51358a7cb05b26eb2eaae9acb18a56
- name: github.com/gin-gonic/contrib
  version: 547e518040cfb96576b507d2f26779ab9c6fc829
  subpackages:
  - ginrus
- name: github.com/gin-gonic/gin
  version: 9163ee543d3f1fab9b0ad8cdf6dc2a6ec2c07dbb
  subpackages:
  - binding
  - render
- name: github.com/manucorporat/sse
  version: c574f6c50c8594f93d28b03a1bbd87b4a3899093
- name: github.com/mattn/go-colorable
  version: 043ae16291351db8465272edf465c9f388161627
- name: github.com/mattn/go-isatty
  version: 56b76bdf51f7708750eac80fa38b952bb9f32639
- name: github.com/onsi/gomega
  version: a78ae492d53aad5a7a232d0d0462c14c400e3ee7
  subpackages:
  - internal/assertion
  - internal/asyncassertion
  - internal/testingtsupport
  - matchers
  - types
  - format
  - matchers/support/goraph/bipartitegraph
  - matchers/support/goraph/edge
  - matchers/support/goraph/node
  - matchers/support/goraph/util
- name: github.com/Sirupsen/logrus
  version: 4b6ea7319e214d98c938f12692336f7ca9348d6b
- name: golang.org/x/net
  version: 84ba27dd5b2d8135e9da1395277f2c9333a2ffda
  subpackages:
  - context
- name: golang.org/x/sys
  version: b518c298ac9dc94b6ac0757394f50d10c5dfa25a
  subpackages:
  - unix
- name: gopkg.in/bluesuncorp/validator.v5
  version: d5acf1dac43705f8bfbb71d878e290e2bed3950b
testImports: []
